<?xml version="1.0" encoding="utf-8"?>
<Project ToolsVersion="4.0" xmlns="http://schemas.microsoft.com/developer/msbuild/2003">
  <ItemGroup>
    <Filter Include="Quelldateien">
      <UniqueIdentifier>{4FC737F1-C7A5-4376-A066-2A32D752A2FF}</UniqueIdentifier>
      <Extensions>cpp;c;cc;cxx;c++;cppm;ixx;def;odl;idl;hpj;bat;asm;asmx</Extensions>
    </Filter>
    <Filter Include="Headerdateien">
      <UniqueIdentifier>{93995380-89BD-4b04-88EB-625FBE52EBFB}</UniqueIdentifier>
      <Extensions>h;hh;hpp;hxx;h++;hm;inl;inc;ipp;xsd</Extensions>
    </Filter>
    <Filter Include="Ressourcendateien">
      <UniqueIdentifier>{67DA6AB6-F800-4c08-8B7A-83BB121AAD01}</UniqueIdentifier>
      <Extensions>rc;ico;cur;bmp;dlg;rc2;rct;bin;rgs;gif;jpg;jpeg;jpe;resx;tiff;tif;png;wav;mfcribbon-ms</Extensions>
    </Filter>
  </ItemGroup>
  <ItemGroup>
    <ClCompile Include="Scripts\main.cpp">
      <Filter>Quelldateien</Filter>
    </ClCompile>
    <ClCompile Include="Scripts\Game.cpp">
      <Filter>Quelldateien</Filter>
    </ClCompile>
    <ClCompile Include="Scripts\Entity.cpp">
      <Filter>Quelldateien</Filter>
    </ClCompile>
    <ClCompile Include="Scripts\ContentManager.cpp">
      <Filter>Quelldateien</Filter>
    </ClCompile>
    <ClCompile Include="Scripts\InputManager.cpp">
      <Filter>Quelldateien</Filter>
    </ClCompile>
    <ClCompile Include="Scripts\Transform.cpp">
      <Filter>Quelldateien</Filter>
    </ClCompile>
    <ClCompile Include="Scripts\Component.cpp">
      <Filter>Quelldateien</Filter>
    </ClCompile>
    <ClCompile Include="Scripts\Mesh.cpp">
      <Filter>Quelldateien</Filter>
    </ClCompile>
    <ClCompile Include="Scripts\ShapeCreator.cpp">
      <Filter>Quelldateien</Filter>
    </ClCompile>
    <ClCompile Include="Scripts\Transform2D.cpp">
      <Filter>Quelldateien</Filter>
    </ClCompile>
    <ClCompile Include="Scripts\Material.cpp">
      <Filter>Quelldateien</Filter>
    </ClCompile>
    <ClCompile Include="Scripts\Texture.cpp">
      <Filter>Quelldateien</Filter>
    </ClCompile>
    <ClCompile Include="Scripts\Cubemap.cpp">
      <Filter>Quelldateien</Filter>
    </ClCompile>
    <ClCompile Include="Scripts\manager\ContentManager.cpp">
      <Filter>Quelldateien</Filter>
    </ClCompile>
    <ClCompile Include="Scripts\manager\InputManager.cpp">
      <Filter>Quelldateien</Filter>
    </ClCompile>
    <ClCompile Include="Scripts\manager\ShapeCreator.cpp">
      <Filter>Quelldateien</Filter>
    </ClCompile>
  </ItemGroup>
  <ItemGroup>
    <ClInclude Include="Scripts\GraphicsPCH.h">
      <Filter>Headerdateien</Filter>
    </ClInclude>
    <ClInclude Include="Scripts\Game.h">
      <Filter>Headerdateien</Filter>
    </ClInclude>
    <ClInclude Include="Scripts\WindowSettings.h">
      <Filter>Headerdateien</Filter>
    </ClInclude>
    <ClInclude Include="Scripts\DirectXSettings.h">
      <Filter>Headerdateien</Filter>
    </ClInclude>
    <ClInclude Include="Scripts\ConstantBuffer.h">
      <Filter>Headerdateien</Filter>
    </ClInclude>
    <ClInclude Include="Scripts\Entity.h">
      <Filter>Headerdateien</Filter>
    </ClInclude>
    <ClInclude Include="Scripts\VertexPosColor.h">
      <Filter>Headerdateien</Filter>
    </ClInclude>
    <ClInclude Include="Scripts\ContentManager.h">
      <Filter>Headerdateien</Filter>
    </ClInclude>
    <ClInclude Include="Scripts\InputManager.h">
      <Filter>Headerdateien</Filter>
    </ClInclude>
    <ClInclude Include="Scripts\Transform.h">
      <Filter>Headerdateien</Filter>
    </ClInclude>
    <ClInclude Include="Scripts\Component.h">
      <Filter>Headerdateien</Filter>
    </ClInclude>
    <ClInclude Include="Scripts\Mesh.h">
      <Filter>Headerdateien</Filter>
    </ClInclude>
    <ClInclude Include="Scripts\ShapeCreator.h">
      <Filter>Headerdateien</Filter>
    </ClInclude>
    <ClInclude Include="Scripts\MathHelper.h">
      <Filter>Headerdateien</Filter>
    </ClInclude>
    <ClInclude Include="Scripts\Transform2D.h">
      <Filter>Headerdateien</Filter>
    </ClInclude>
    <ClInclude Include="Scripts\Material.h">
      <Filter>Headerdateien</Filter>
    </ClInclude>
    <ClInclude Include="Scripts\Texture.h">
      <Filter>Headerdateien</Filter>
    </ClInclude>
    <ClInclude Include="Scripts\Cubemap.h">
      <Filter>Headerdateien</Filter>
    </ClInclude>
    <ClInclude Include="Scripts\manager\ContentManager.h">
      <Filter>Headerdateien</Filter>
    </ClInclude>
    <ClInclude Include="Scripts\manager\InputManager.h">
      <Filter>Headerdateien</Filter>
    </ClInclude>
    <ClInclude Include="Scripts\ShapeCreator.h">
      <Filter>Headerdateien</Filter>
    </ClInclude>
    <ClInclude Include="Scripts\ConstantBuffer.h">
      <Filter>Headerdateien</Filter>
    </ClInclude>
    <ClInclude Include="Scripts\misc\MathHelper.h">
      <Filter>Headerdateien</Filter>
    </ClInclude>
    <ClInclude Include="Scripts\VertexPosColor.h">
      <Filter>Headerdateien</Filter>
    </ClInclude>
    <ClInclude Include="Scripts\DirectXSettings.h">
      <Filter>Headerdateien</Filter>
    </ClInclude>
    <ClInclude Include="Scripts\WindowSettings.h">
      <Filter>Headerdateien</Filter>
    </ClInclude>
  </ItemGroup>
  <ItemGroup>
    <FxCompile Include="Shader\SimpleVertexShader.hlsl">
      <Filter>Ressourcendateien</Filter>
    </FxCompile>
    <FxCompile Include="Shader\SimplePixelShader.hlsl">
      <Filter>Ressourcendateien</Filter>
    </FxCompile>
    <FxCompile Include="Shader\TexturedVertexShader.hlsl">
      <Filter>Ressourcendateien</Filter>
    </FxCompile>
    <FxCompile Include="Shader\TexturedPixelShader.hlsl">
      <Filter>Ressourcendateien</Filter>
    </FxCompile>
    <FxCompile Include="Shader\SkyboxPixelShader.hlsl">
      <Filter>Ressourcendateien</Filter>
    </FxCompile>
    <FxCompile Include="Shader\SkyboxVertexShader.hlsl">
      <Filter>Ressourcendateien</Filter>
    </FxCompile>
  </ItemGroup>
  <ItemGroup>
    <None Include="packages.config" />
    <None Include="bin\SimplePixelShader.cso" />
    <None Include="bin\SimpleVertexShader.cso" />
    <None Include="bin\SkyboxPixelShader.cso" />
    <None Include="bin\SkyboxVertexShader.cso" />
    <None Include="bin\TexturedPixelShader.cso" />
    <None Include="bin\TexturedVertexShader.cso" />
    <None Include="assets\cambria.spritefont" />
  </ItemGroup>
  <ItemGroup>
    <Image Include="assets\Button.png">
      <Filter>Ressourcendateien</Filter>
    </Image>
    <Image Include="assets\cursor.png">
      <Filter>Ressourcendateien</Filter>
    </Image>
    <Image Include="assets\Skybox.dds" />
    <Image Include="assets\test.png">
      <Filter>Ressourcendateien</Filter>
    </Image>
    <Image Include="assets\WorldMap.jpeg">
      <Filter>Ressourcendateien</Filter>
    </Image>
    <Image Include="assets\WorldMap.png">
      <Filter>Ressourcendateien</Filter>
    </Image>
  </ItemGroup>
</Project>